
Microsoft Visual Studio Solution File, Format Version 12.00
# Visual Studio Version 16
VisualStudioVersion = 16.0.30717.126
MinimumVisualStudioVersion = 10.0.40219.1
Project("{FAE04EC0-301F-11D3-BF4B-00C04F79EFBC}") = "ConsoleApp1", "ConsoleApp1\ConsoleApp1.csproj", "{CBE1C183-56CA-4DF1-B628-FA234FD6FAFA}"
EndProject
Global
	GlobalSection(SolutionConfigurationPlatforms) = preSolution
		Debug|Any CPU = Debug|Any CPU
		Release|Any CPU = Release|Any CPU
	EndGlobalSection
	GlobalSection(ProjectConfigurationPlatforms) = postSolution
		{CBE1C183-56CA-4DF1-B628-FA234FD6FAFA}.Debug|Any CPU.ActiveCfg = Debug|Any CPU
		{CBE1C183-56CA-4DF1-B628-FA234FD6FAFA}.Debug|Any CPU.Build.0 = Debug|Any CPU
		{CBE1C183-56CA-4DF1-B628-FA234FD6FAFA}.Release|Any CPU.ActiveCfg = Release|Any CPU
		{CBE1C183-56CA-4DF1-B628-FA234FD6FAFA}.Release|Any CPU.Build.0 = Release|Any CPU
	EndGlobalSection
	GlobalSection(SolutionProperties) = preSolution
		HideSolutionNode = FALSE
	EndGlobalSection
	GlobalSection(ExtensibilityGlobals) = postSolution
		SolutionGuid = {58EF989A-FB15-43CB-9D2D-ADA654622636}
	EndGlobalSection
EndGlobal
